{
  "name": "presentationdocPFE",
  "lockfileVersion": 3,
  "requires": true,
  "packages": {
    "": {
      "dependencies": {
        "my-easy-menu": "^1.2.2"
      }
    },
    "node_modules/my-easy-menu": {
      "version": "1.2.2",
      "resolved": "https://registry.npmjs.org/my-easy-menu/-/my-easy-menu-1.2.2.tgz",
      "integrity": "sha512-LiTOMrjDQoQzDFK24FXYHKTExQjrSF6LbYctrdX5oVo1MCdtSiGK+WJdRmi2Uo2eT0XWRxR3k28e/LqcS/BmVQ=="
    }
  }
}
